<Solution>
  <Project Path="funURL.CLI/funURL.CLI.csproj" />
  <Project Path="funURL.CLI.Tests/funURL.CLI.Tests.csproj" />
  <Folder Name="/Solution Items/">
    <File Path="README.md" />
    <File Path="CONTRIBUTING.md" />
    <File Path="LICENSE.md" />
    <File Path="Makefile" />
  </Folder>
</Solution>
